// !$*UTF8*$!
{
	archiveVersion = 1;
	classes = {
	};
	objectVersion = 50;
	objects = {

/* Begin PBXBuildFile section */
		C22CA36E25C4A1B800D8A87A /* AppDelegate.swift in Sources */ = {isa = PBXBuildFile; fileRef = C22CA36D25C4A1B800D8A87A /* AppDelegate.swift */; };
		C22CA37025C4A1B800D8A87A /* SceneDelegate.swift in Sources */ = {isa = PBXBuildFile; fileRef = C22CA36F25C4A1B800D8A87A /* SceneDelegate.swift */; };
		C22CA37225C4A1B800D8A87A /* ContentView.swift in Sources */ = {isa = PBXBuildFile; fileRef = C22CA37125C4A1B800D8A87A /* ContentView.swift */; };
		C22CA37425C4A1B900D8A87A /* Assets.xcassets in Resources */ = {isa = PBXBuildFile; fileRef = C22CA37325C4A1B900D8A87A /* Assets.xcassets */; };
		C22CA37725C4A1B900D8A87A /* Preview Assets.xcassets in Resources */ = {isa = PBXBuildFile; fileRef = C22CA37625C4A1B900D8A87A /* Preview Assets.xcassets */; };
		C22CA37A25C4A1B900D8A87A /* LaunchScreen.storyboard in Resources */ = {isa = PBXBuildFile; fileRef = C22CA37825C4A1B900D8A87A /* LaunchScreen.storyboard */; };
		F8474C7DF904ECDDFF40F3B3 /* Pods_Euskovid_19.framework in Frameworks */ = {isa = PBXBuildFile; fileRef = 22ADA86FB1E7A9644F30AD9B /* Pods_Euskovid_19.framework */; };
/* End PBXBuildFile section */

/* Begin PBXFileReference section */
		22ADA86FB1E7A9644F30AD9B /* Pods_Euskovid_19.framework */ = {isa = PBXFileReference; explicitFileType = wrapper.framework; includeInIndex = 0; path = Pods_Euskovid_19.framework; sourceTree = BUILT_PRODUCTS_DIR; };
		C22CA36A25C4A1B800D8A87A /* Euskovid-19.app */ = {isa = PBXFileReference; explicitFileType = wrapper.application; includeInIndex = 0; path = "Euskovid-19.app"; sourceTree = BUILT_PRODUCTS_DIR; };
		C22CA36D25C4A1B800D8A87A /* AppDelegate.swift */ = {isa = PBXFileReference; lastKnownFileType = sourcecode.swift; path = AppDelegate.swift; sourceTree = "<group>"; };
		C22CA36F25C4A1B800D8A87A /* SceneDelegate.swift */ = {isa = PBXFileReference; lastKnownFileType = sourcecode.swift; path = SceneDelegate.swift; sourceTree = "<group>"; };
		C22CA37125C4A1B800D8A87A /* ContentView.swift */ = {isa = PBXFileReference; lastKnownFileType = sourcecode.swift; path = ContentView.swift; sourceTree = "<group>"; };
		C22CA37325C4A1B900D8A87A /* Assets.xcassets */ = {isa = PBXFileReference; lastKnownFileType = folder.assetcatalog; path = Assets.xcassets; sourceTree = "<group>"; };
		C22CA37625C4A1B900D8A87A /* Preview Assets.xcassets */ = {isa = PBXFileReference; lastKnownFileType = folder.assetcatalog; path = "Preview Assets.xcassets"; sourceTree = "<group>"; };
		C22CA37925C4A1B900D8A87A /* Base */ = {isa = PBXFileReference; lastKnownFileType = file.storyboard; name = Base; path = Base.lproj/LaunchScreen.storyboard; sourceTree = "<group>"; };
		C22CA37B25C4A1B900D8A87A /* Info.plist */ = {isa = PBXFileReference; lastKnownFileType = text.plist.xml; path = Info.plist; sourceTree = "<group>"; };
		C80E3C44F7F8ED7E683CF447 /* Pods-Euskovid-19.release.xcconfig */ = {isa = PBXFileReference; includeInIndex = 1; lastKnownFileType = text.xcconfig; name = "Pods-Euskovid-19.release.xcconfig"; path = "Target Support Files/Pods-Euskovid-19/Pods-Euskovid-19.release.xcconfig"; sourceTree = "<group>"; };
		F65F9B9846F2ED2268B42F6D /* Pods-Euskovid-19.debug.xcconfig */ = {isa = PBXFileReference; includeInIndex = 1; lastKnownFileType = text.xcconfig; name = "Pods-Euskovid-19.debug.xcconfig"; path = "Target Support Files/Pods-Euskovid-19/Pods-Euskovid-19.debug.xcconfig"; sourceTree = "<group>"; };
/* End PBXFileReference section */

/* Begin PBXFrameworksBuildPhase section */
		C22CA36725C4A1B800D8A87A /* Frameworks */ = {
			isa = PBXFrameworksBuildPhase;
			buildActionMask = 2147483647;
			files = (
				F8474C7DF904ECDDFF40F3B3 /* Pods_Euskovid_19.framework in Frameworks */,
			);
			runOnlyForDeploymentPostprocessing = 0;
		};
/* End PBXFrameworksBuildPhase section */

/* Begin PBXGroup section */
		844C60C4C26DB938F7EA989E /* Pods */ = {
			isa = PBXGroup;
			children = (
				F65F9B9846F2ED2268B42F6D /* Pods-Euskovid-19.debug.xcconfig */,
				C80E3C44F7F8ED7E683CF447 /* Pods-Euskovid-19.release.xcconfig */,
			);
			name = Pods;
			path = Pods;
			sourceTree = "<group>";
		};
		A1CBB07E63BE88385412A937 /* Frameworks */ = {
			isa = PBXGroup;
			children = (
				22ADA86FB1E7A9644F30AD9B /* Pods_Euskovid_19.framework */,
			);
			name = Frameworks;
			sourceTree = "<group>";
		};
		C22CA36125C4A1B800D8A87A = {
			isa = PBXGroup;
			children = (
				C22CA36C25C4A1B800D8A87A /* Euskovid-19 */,
				C22CA36B25C4A1B800D8A87A /* Products */,
				844C60C4C26DB938F7EA989E /* Pods */,
				A1CBB07E63BE88385412A937 /* Frameworks */,
			);
			sourceTree = "<group>";
		};
		C22CA36B25C4A1B800D8A87A /* Products */ = {
			isa = PBXGroup;
			children = (
				C22CA36A25C4A1B800D8A87A /* Euskovid-19.app */,
			);
			name = Products;
			sourceTree = "<group>";
		};
		C22CA36C25C4A1B800D8A87A /* Euskovid-19 */ = {
			isa = PBXGroup;
			children = (
				C22CA36D25C4A1B800D8A87A /* AppDelegate.swift */,
				C22CA36F25C4A1B800D8A87A /* SceneDelegate.swift */,
				C22CA37125C4A1B800D8A87A /* ContentView.swift */,
				C22CA37325C4A1B900D8A87A /* Assets.xcassets */,
				C22CA37825C4A1B900D8A87A /* LaunchScreen.storyboard */,
				C22CA37B25C4A1B900D8A87A /* Info.plist */,
				C22CA37525C4A1B900D8A87A /* Preview Content */,
			);
			path = "Euskovid-19";
			sourceTree = "<group>";
		};
		C22CA37525C4A1B900D8A87A /* Preview Content */ = {
			isa = PBXGroup;
			children = (
				C22CA37625C4A1B900D8A87A /* Preview Assets.xcassets */,
			);
			path = "Preview Content";
			sourceTree = "<group>";
		};
/* End PBXGroup section */

/* Begin PBXNativeTarget section */
		C22CA36925C4A1B800D8A87A /* Euskovid-19 */ = {
			isa = PBXNativeTarget;
			buildConfigurationList = C22CA37E25C4A1B900D8A87A /* Build configuration list for PBXNativeTarget "Euskovid-19" */;
			buildPhases = (
				B6CD32C0DA5825FB13B70BAD /* [CP] Check Pods Manifest.lock */,
				C22CA36625C4A1B800D8A87A /* Sources */,
				C22CA36725C4A1B800D8A87A /* Frameworks */,
				C22CA36825C4A1B800D8A87A /* Resources */,
				B998E03869B24920A55EC848 /* [CP] Embed Pods Frameworks */,
			);
			buildRules = (
			);
			dependencies = (
			);
			name = "Euskovid-19";
			productName = "Euskovid-19";
			productReference = C22CA36A25C4A1B800D8A87A /* Euskovid-19.app */;
			productType = "com.apple.product-type.application";
		};
/* End PBXNativeTarget section */

/* Begin PBXProject section */
		C22CA36225C4A1B800D8A87A /* Project object */ = {
			isa = PBXProject;
			attributes = {
				LastSwiftUpdateCheck = 1230;
				LastUpgradeCheck = 1230;
				TargetAttributes = {
					C22CA36925C4A1B800D8A87A = {
						CreatedOnToolsVersion = 12.3;
					};
				};
			};
			buildConfigurationList = C22CA36525C4A1B800D8A87A /* Build configuration list for PBXProject "Euskovid-19" */;
			compatibilityVersion = "Xcode 9.3";
			developmentRegion = en;
			hasScannedForEncodings = 0;
			knownRegions = (
				en,
				Base,
			);
			mainGroup = C22CA36125C4A1B800D8A87A;
			productRefGroup = C22CA36B25C4A1B800D8A87A /* Products */;
			projectDirPath = "";
			projectRoot = "";
			targets = (
				C22CA36925C4A1B800D8A87A /* Euskovid-19 */,
			);
		};
/* End PBXProject section */

/* Begin PBXResourcesBuildPhase section */
		C22CA36825C4A1B800D8A87A /* Resources */ = {
			isa = PBXResourcesBuildPhase;
			buildActionMask = 2147483647;
			files = (
				C22CA37A25C4A1B900D8A87A /* LaunchScreen.storyboard in Resources */,
				C22CA37725C4A1B900D8A87A /* Preview Assets.xcassets in Resources */,
				C22CA37425C4A1B900D8A87A /* Assets.xcassets in Resources */,
			);
			runOnlyForDeploymentPostprocessing = 0;
		};
/* End PBXResourcesBuildPhase section */

/* Begin PBXShellScriptBuildPhase section */
		B6CD32C0DA5825FB13B70BAD /* [CP] Check Pods Manifest.lock */ = {
			isa = PBXShellScriptBuildPhase;
			buildActionMask = 2147483647;
			files = (
			);
			inputFileListPaths = (
			);
			inputPaths = (
				"${PODS_PODFILE_DIR_PATH}/Podfile.lock",
				"${PODS_ROOT}/Manifest.lock",
			);
			name = "[CP] Check Pods Manifest.lock";
			outputFileListPaths = (
			);
			outputPaths = (
				"$(DERIVED_FILE_DIR)/Pods-Euskovid-19-checkManifestLockResult.txt",
			);
			runOnlyForDeploymentPostprocessing = 0;
			shellPath = /bin/sh;
			shellScript = "diff \"${PODS_PODFILE_DIR_PATH}/Podfile.lock\" \"${PODS_ROOT}/Manifest.lock\" > /dev/null\nif [ $? != 0 ] ; then\n    # print error to STDERR\n    echo \"error: The sandbox is not in sync with the Podfile.lock. Run 'pod install' or update your CocoaPods installation.\" >&2\n    exit 1\nfi\n# This output is used by Xcode 'outputs' to avoid re-running this script phase.\necho \"SUCCESS\" > \"${SCRIPT_OUTPUT_FILE_0}\"\n";
			showEnvVarsInLog = 0;
		};
		B998E03869B24920A55EC848 /* [CP] Embed Pods Frameworks */ = {
			isa = PBXShellScriptBuildPhase;
			buildActionMask = 2147483647;
			files = (
			);
			inputFileListPaths = (
				"${PODS_ROOT}/Target Support Files/Pods-Euskovid-19/Pods-Euskovid-19-frameworks-${CONFIGURATION}-input-files.xcfilelist",
			);
			name = "[CP] Embed Pods Frameworks";
			outputFileListPaths = (
				"${PODS_ROOT}/Target Support Files/Pods-Euskovid-19/Pods-Euskovid-19-frameworks-${CONFIGURATION}-output-files.xcfilelist",
			);
			runOnlyForDeploymentPostprocessing = 0;
			shellPath = /bin/sh;
			shellScript = "\"${PODS_ROOT}/Target Support Files/Pods-Euskovid-19/Pods-Euskovid-19-frameworks.sh\"\n";
			showEnvVarsInLog = 0;
		};
/* End PBXShellScriptBuildPhase section */

/* Begin PBXSourcesBuildPhase section */
		C22CA36625C4A1B800D8A87A /* Sources */ = {
			isa = PBXSourcesBuildPhase;
			buildActionMask = 2147483647;
			files = (
				C22CA36E25C4A1B800D8A87A /* AppDelegate.swift in Sources */,
				C22CA37025C4A1B800D8A87A /* SceneDelegate.swift in Sources */,
				C22CA37225C4A1B800D8A87A /* ContentView.swift in Sources */,
			);
			runOnlyForDeploymentPostprocessing = 0;
		};
/* End PBXSourcesBuildPhase section */

/* Begin PBXVariantGroup section */
		C22CA37825C4A1B900D8A87A /* LaunchScreen.storyboard */ = {
			isa = PBXVariantGroup;
			children = (
				C22CA37925C4A1B900D8A87A /* Base */,
			);
			name = LaunchScreen.storyboard;
			sourceTree = "<group>";
		};
/* End PBXVariantGroup section */

/* Begin XCBuildConfiguration section */
		C22CA37C25C4A1B900D8A87A /* Debug */ = {
			isa = XCBuildConfiguration;
			buildSettings = {
				ALWAYS_SEARCH_USER_PATHS = NO;
				CLANG_ANALYZER_NONNULL = YES;
				CLANG_ANALYZER_NUMBER_OBJECT_CONVERSION = YES_AGGRESSIVE;
				CLANG_CXX_LANGUAGE_STANDARD = "gnu++14";
				CLANG_CXX_LIBRARY = "libc++";
				CLANG_ENABLE_MODULES = YES;
				CLANG_ENABLE_OBJC_ARC = YES;
				CLANG_ENABLE_OBJC_WEAK = YES;
				CLANG_WARN_BLOCK_CAPTURE_AUTORELEASING = YES;
				CLANG_WARN_BOOL_CONVERSION = YES;
				CLANG_WARN_COMMA = YES;
				CLANG_WARN_CONSTANT_CONVERSION = YES;
				CLANG_WARN_DEPRECATED_OBJC_IMPLEMENTATIONS = YES;
				CLANG_WARN_DIRECT_OBJC_ISA_USAGE = YES_ERROR;
				CLANG_WARN_DOCUMENTATION_COMMENTS = YES;
				CLANG_WARN_EMPTY_BODY = YES;
				CLANG_WARN_ENUM_CONVERSION = YES;
				CLANG_WARN_INFINITE_RECURSION = YES;
				CLANG_WARN_INT_CONVERSION = YES;
				CLANG_WARN_NON_LITERAL_NULL_CONVERSION = YES;
				CLANG_WARN_OBJC_IMPLICIT_RETAIN_SELF = YES;
				CLANG_WARN_OBJC_LITERAL_CONVERSION = YES;
				CLANG_WARN_OBJC_ROOT_CLASS = YES_ERROR;
				CLANG_WARN_QUOTED_INCLUDE_IN_FRAMEWORK_HEADER = YES;
				CLANG_WARN_RANGE_LOOP_ANALYSIS = YES;
				CLANG_WARN_STRICT_PROTOTYPES = YES;
				CLANG_WARN_SUSPICIOUS_MOVE = YES;
				CLANG_WARN_UNGUARDED_AVAILABILITY = YES_AGGRESSIVE;
				CLANG_WARN_UNREACHABLE_CODE = YES;
				CLANG_WARN__DUPLICATE_METHOD_MATCH = YES;
				COPY_PHASE_STRIP = NO;
				DEBUG_INFORMATION_FORMAT = dwarf;
				ENABLE_STRICT_OBJC_MSGSEND = YES;
				ENABLE_TESTABILITY = YES;
				GCC_C_LANGUAGE_STANDARD = gnu11;
				GCC_DYNAMIC_NO_PIC = NO;
				GCC_NO_COMMON_BLOCKS = YES;
				GCC_OPTIMIZATION_LEVEL = 0;
				GCC_PREPROCESSOR_DEFINITIONS = (
					"DEBUG=1",
					"$(inherited)",
				);
				GCC_WARN_64_TO_32_BIT_CONVERSION = YES;
				GCC_WARN_ABOUT_RETURN_TYPE = YES_ERROR;
				GCC_WARN_UNDECLARED_SELECTOR = YES;
				GCC_WARN_UNINITIALIZED_AUTOS = YES_AGGRESSIVE;
				GCC_WARN_UNUSED_FUNCTION = YES;
				GCC_WARN_UNUSED_VARIABLE = YES;
				IPHONEOS_DEPLOYMENT_TARGET = 14.3;
				MTL_ENABLE_DEBUG_INFO = INCLUDE_SOURCE;
				MTL_FAST_MATH = YES;
				ONLY_ACTIVE_ARCH = YES;
				SDKROOT = iphoneos;
				SWIFT_ACTIVE_COMPILATION_CONDITIONS = DEBUG;
				SWIFT_OPTIMIZATION_LEVEL = "-Onone";
			};
			name = Debug;
		};
		C22CA37D25C4A1B900D8A87A /* Release */ = {
			isa = XCBuildConfiguration;
			buildSettings = {
				ALWAYS_SEARCH_USER_PATHS = NO;
				CLANG_ANALYZER_NONNULL = YES;
				CLANG_ANALYZER_NUMBER_OBJECT_CONVERSION = YES_AGGRESSIVE;
				CLANG_CXX_LANGUAGE_STANDARD = "gnu++14";
				CLANG_CXX_LIBRARY = "libc++";
				CLANG_ENABLE_MODULES = YES;
				CLANG_ENABLE_OBJC_ARC = YES;
				CLANG_ENABLE_OBJC_WEAK = YES;
				CLANG_WARN_BLOCK_CAPTURE_AUTORELEASING = YES;
				CLANG_WARN_BOOL_CONVERSION = YES;
				CLANG_WARN_COMMA = YES;
				CLANG_WARN_CONSTANT_CONVERSION = YES;
				CLANG_WARN_DEPRECATED_OBJC_IMPLEMENTATIONS = YES;
				CLANG_WARN_DIRECT_OBJC_ISA_USAGE = YES_ERROR;
				CLANG_WARN_DOCUMENTATION_COMMENTS = YES;
				CLANG_WARN_EMPTY_BODY = YES;
				CLANG_WARN_ENUM_CONVERSION = YES;
				CLANG_WARN_INFINITE_RECURSION = YES;
				CLANG_WARN_INT_CONVERSION = YES;
				CLANG_WARN_NON_LITERAL_NULL_CONVERSION = YES;
				CLANG_WARN_OBJC_IMPLICIT_RETAIN_SELF = YES;
				CLANG_WARN_OBJC_LITERAL_CONVERSION = YES;
				CLANG_WARN_OBJC_ROOT_CLASS = YES_ERROR;
				CLANG_WARN_QUOTED_INCLUDE_IN_FRAMEWORK_HEADER = YES;
				CLANG_WARN_RANGE_LOOP_ANALYSIS = YES;
				CLANG_WARN_STRICT_PROTOTYPES = YES;
				CLANG_WARN_SUSPICIOUS_MOVE = YES;
				CLANG_WARN_UNGUARDED_AVAILABILITY = YES_AGGRESSIVE;
				CLANG_WARN_UNREACHABLE_CODE = YES;
				CLANG_WARN__DUPLICATE_METHOD_MATCH = YES;
				COPY_PHASE_STRIP = NO;
				DEBUG_INFORMATION_FORMAT = "dwarf-with-dsym";
				ENABLE_NS_ASSERTIONS = NO;
				ENABLE_STRICT_OBJC_MSGSEND = YES;
				GCC_C_LANGUAGE_STANDARD = gnu11;
				GCC_NO_COMMON_BLOCKS = YES;
				GCC_WARN_64_TO_32_BIT_CONVERSION = YES;
				GCC_WARN_ABOUT_RETURN_TYPE = YES_ERROR;
				GCC_WARN_UNDECLARED_SELECTOR = YES;
				GCC_WARN_UNINITIALIZED_AUTOS = YES_AGGRESSIVE;
				GCC_WARN_UNUSED_FUNCTION = YES;
				GCC_WARN_UNUSED_VARIABLE = YES;
				IPHONEOS_DEPLOYMENT_TARGET = 14.3;
				MTL_ENABLE_DEBUG_INFO = NO;
				MTL_FAST_MATH = YES;
				SDKROOT = iphoneos;
				SWIFT_COMPILATION_MODE = wholemodule;
				SWIFT_OPTIMIZATION_LEVEL = "-O";
				VALIDATE_PRODUCT = YES;
			};
			name = Release;
		};
		C22CA37F25C4A1B900D8A87A /* Debug */ = {
			isa = XCBuildConfiguration;
			baseConfigurationReference = F65F9B9846F2ED2268B42F6D /* Pods-Euskovid-19.debug.xcconfig */;
			buildSettings = {
				ASSETCATALOG_COMPILER_APPICON_NAME = AppIcon;
				ASSETCATALOG_COMPILER_GLOBAL_ACCENT_COLOR_NAME = AccentColor;
				CODE_SIGN_STYLE = Automatic;
				DEVELOPMENT_ASSET_PATHS = "\"Euskovid-19/Preview Content\"";
				ENABLE_PREVIEWS = YES;
				INFOPLIST_FILE = "Euskovid-19/Info.plist";
				LD_RUNPATH_SEARCH_PATHS = (
					"$(inherited)",
					"@executable_path/Frameworks",
				);
				PRODUCT_BUNDLE_IDENTIFIER = "com.igoranton.Euskovid-19";
				PRODUCT_NAME = "$(TARGET_NAME)";
				SWIFT_VERSION = 5.0;
				TARGETED_DEVICE_FAMILY = "1,2";
			};
			name = Debug;
		};
		C22CA38025C4A1B900D8A87A /* Release */ = {
			isa = XCBuildConfiguration;
			baseConfigurationReference = C80E3C44F7F8ED7E683CF447 /* Pods-Euskovid-19.release.xcconfig */;
			buildSettings = {
				ASSETCATALOG_COMPILER_APPICON_NAME = AppIcon;
				ASSETCATALOG_COMPILER_GLOBAL_ACCENT_COLOR_NAME = AccentColor;
				CODE_SIGN_STYLE = Automatic;
				DEVELOPMENT_ASSET_PATHS = "\"Euskovid-19/Preview Content\"";
				ENABLE_PREVIEWS = YES;
				INFOPLIST_FILE = "Euskovid-19/Info.plist";
				LD_RUNPATH_SEARCH_PATHS = (
					"$(inherited)",
					"@executable_path/Frameworks",
				);
				PRODUCT_BUNDLE_IDENTIFIER = "com.igoranton.Euskovid-19";
				PRODUCT_NAME = "$(TARGET_NAME)";
				SWIFT_VERSION = 5.0;
				TARGETED_DEVICE_FAMILY = "1,2";
			};
			name = Release;
		};
/* End XCBuildConfiguration section */

/* Begin XCConfigurationList section */
		C22CA36525C4A1B800D8A87A /* Build configuration list for PBXProject "Euskovid-19" */ = {
			isa = XCConfigurationList;
			buildConfigurations = (
				C22CA37C25C4A1B900D8A87A /* Debug */,
				C22CA37D25C4A1B900D8A87A /* Release */,
			);
			defaultConfigurationIsVisible = 0;
			defaultConfigurationName = Release;
		};
		C22CA37E25C4A1B900D8A87A /* Build configuration list for PBXNativeTarget "Euskovid-19" */ = {
			isa = XCConfigurationList;
			buildConfigurations = (
				C22CA37F25C4A1B900D8A87A /* Debug */,
				C22CA38025C4A1B900D8A87A /* Release */,
			);
			defaultConfigurationIsVisible = 0;
			defaultConfigurationName = Release;
		};
/* End XCConfigurationList section */
	};
	rootObject = C22CA36225C4A1B800D8A87A /* Project object */;
}
